
Microsoft Visual Studio Solution File, Format Version 12.00
# Visual Studio Version 16
VisualStudioVersion = 16.0.30717.126
MinimumVisualStudioVersion = 10.0.40219.1
Project("{FAE04EC0-301F-11D3-BF4B-00C04F79EFBC}") = "binfilecoder", "binfilecoder.csproj", "{84DEF8E0-7181-41E9-9006-36C1F172ACB6}"
EndProject
Global
	GlobalSection(SolutionConfigurationPlatforms) = preSolution
		Debug|Any CPU = Debug|Any CPU
		Release|Any CPU = Release|Any CPU
	EndGlobalSection
	GlobalSection(ProjectConfigurationPlatforms) = postSolution
		{84DEF8E0-7181-41E9-9006-36C1F172ACB6}.Debug|Any CPU.ActiveCfg = Debug|Any CPU
		{84DEF8E0-7181-41E9-9006-36C1F172ACB6}.Debug|Any CPU.Build.0 = Debug|Any CPU
		{84DEF8E0-7181-41E9-9006-36C1F172ACB6}.Release|Any CPU.ActiveCfg = Release|Any CPU
		{84DEF8E0-7181-41E9-9006-36C1F172ACB6}.Release|Any CPU.Build.0 = Release|Any CPU
	EndGlobalSection
	GlobalSection(SolutionProperties) = preSolution
		HideSolutionNode = FALSE
	EndGlobalSection
	GlobalSection(ExtensibilityGlobals) = postSolution
		SolutionGuid = {84FB2EC1-70F5-47FC-9A0D-9F558F5A155A}
	EndGlobalSection
EndGlobal
